
Microsoft Visual Studio Solution File, Format Version 12.00
# Visual Studio Version 17
VisualStudioVersion = 17.11.35303.130
MinimumVisualStudioVersion = 10.0.40219.1
Project("{FAE04EC0-301F-11D3-BF4B-00C04F79EFBC}") = "ExExcecaoString", "ExExcecaoString\ExExcecaoString.csproj", "{D4ACB0F3-B370-4295-841B-8289B5D805FE}"
EndProject
Global
	GlobalSection(SolutionConfigurationPlatforms) = preSolution
		Debug|Any CPU = Debug|Any CPU
		Release|Any CPU = Release|Any CPU
	EndGlobalSection
	GlobalSection(ProjectConfigurationPlatforms) = postSolution
		{D4ACB0F3-B370-4295-841B-8289B5D805FE}.Debug|Any CPU.ActiveCfg = Debug|Any CPU
		{D4ACB0F3-B370-4295-841B-8289B5D805FE}.Debug|Any CPU.Build.0 = Debug|Any CPU
		{D4ACB0F3-B370-4295-841B-8289B5D805FE}.Release|Any CPU.ActiveCfg = Release|Any CPU
		{D4ACB0F3-B370-4295-841B-8289B5D805FE}.Release|Any CPU.Build.0 = Release|Any CPU
	EndGlobalSection
	GlobalSection(SolutionProperties) = preSolution
		HideSolutionNode = FALSE
	EndGlobalSection
	GlobalSection(ExtensibilityGlobals) = postSolution
		SolutionGuid = {A9EDA777-D88D-4339-BE21-40FA61749C3D}
	EndGlobalSection
EndGlobal
