
Microsoft Visual Studio Solution File, Format Version 12.00
# Visual Studio Version 17
VisualStudioVersion = 17.11.35303.130
MinimumVisualStudioVersion = 10.0.40219.1
Project("{FAE04EC0-301F-11D3-BF4B-00C04F79EFBC}") = "ExFileStream", "ExFileStream\ExFileStream.csproj", "{14D6EC0F-9252-4A73-9877-381E0C7128C3}"
EndProject
Global
	GlobalSection(SolutionConfigurationPlatforms) = preSolution
		Debug|Any CPU = Debug|Any CPU
		Release|Any CPU = Release|Any CPU
	EndGlobalSection
	GlobalSection(ProjectConfigurationPlatforms) = postSolution
		{14D6EC0F-9252-4A73-9877-381E0C7128C3}.Debug|Any CPU.ActiveCfg = Debug|Any CPU
		{14D6EC0F-9252-4A73-9877-381E0C7128C3}.Debug|Any CPU.Build.0 = Debug|Any CPU
		{14D6EC0F-9252-4A73-9877-381E0C7128C3}.Release|Any CPU.ActiveCfg = Release|Any CPU
		{14D6EC0F-9252-4A73-9877-381E0C7128C3}.Release|Any CPU.Build.0 = Release|Any CPU
	EndGlobalSection
	GlobalSection(SolutionProperties) = preSolution
		HideSolutionNode = FALSE
	EndGlobalSection
	GlobalSection(ExtensibilityGlobals) = postSolution
		SolutionGuid = {C2E34FD9-EEA8-487E-9872-139CE70E2405}
	EndGlobalSection
EndGlobal
