
Microsoft Visual Studio Solution File, Format Version 12.00
# Visual Studio Version 17
VisualStudioVersion = 17.11.35303.130
MinimumVisualStudioVersion = 10.0.40219.1
Project("{FAE04EC0-301F-11D3-BF4B-00C04F79EFBC}") = "ExDirectory", "ExDirectory\ExDirectory.csproj", "{FF4942E4-10F8-4C9A-A7DF-43699D73B77C}"
EndProject
Global
	GlobalSection(SolutionConfigurationPlatforms) = preSolution
		Debug|Any CPU = Debug|Any CPU
		Release|Any CPU = Release|Any CPU
	EndGlobalSection
	GlobalSection(ProjectConfigurationPlatforms) = postSolution
		{FF4942E4-10F8-4C9A-A7DF-43699D73B77C}.Debug|Any CPU.ActiveCfg = Debug|Any CPU
		{FF4942E4-10F8-4C9A-A7DF-43699D73B77C}.Debug|Any CPU.Build.0 = Debug|Any CPU
		{FF4942E4-10F8-4C9A-A7DF-43699D73B77C}.Release|Any CPU.ActiveCfg = Release|Any CPU
		{FF4942E4-10F8-4C9A-A7DF-43699D73B77C}.Release|Any CPU.Build.0 = Release|Any CPU
	EndGlobalSection
	GlobalSection(SolutionProperties) = preSolution
		HideSolutionNode = FALSE
	EndGlobalSection
	GlobalSection(ExtensibilityGlobals) = postSolution
		SolutionGuid = {27C7BA44-AFEE-44FE-90BB-3944AB3AFBFF}
	EndGlobalSection
EndGlobal
