
Microsoft Visual Studio Solution File, Format Version 12.00
# Visual Studio Version 17
VisualStudioVersion = 17.11.35303.130
MinimumVisualStudioVersion = 10.0.40219.1
Project("{FAE04EC0-301F-11D3-BF4B-00C04F79EFBC}") = "ExPath", "ExPath\ExPath.csproj", "{38F96761-81A0-4C24-AD71-4AE27BA572AB}"
EndProject
Global
	GlobalSection(SolutionConfigurationPlatforms) = preSolution
		Debug|Any CPU = Debug|Any CPU
		Release|Any CPU = Release|Any CPU
	EndGlobalSection
	GlobalSection(ProjectConfigurationPlatforms) = postSolution
		{38F96761-81A0-4C24-AD71-4AE27BA572AB}.Debug|Any CPU.ActiveCfg = Debug|Any CPU
		{38F96761-81A0-4C24-AD71-4AE27BA572AB}.Debug|Any CPU.Build.0 = Debug|Any CPU
		{38F96761-81A0-4C24-AD71-4AE27BA572AB}.Release|Any CPU.ActiveCfg = Release|Any CPU
		{38F96761-81A0-4C24-AD71-4AE27BA572AB}.Release|Any CPU.Build.0 = Release|Any CPU
	EndGlobalSection
	GlobalSection(SolutionProperties) = preSolution
		HideSolutionNode = FALSE
	EndGlobalSection
	GlobalSection(ExtensibilityGlobals) = postSolution
		SolutionGuid = {01690DD8-FC81-49BA-B9ED-5062FBDDFA64}
	EndGlobalSection
EndGlobal
