
Microsoft Visual Studio Solution File, Format Version 12.00
# Visual Studio Version 17
VisualStudioVersion = 17.11.35303.130
MinimumVisualStudioVersion = 10.0.40219.1
Project("{FAE04EC0-301F-11D3-BF4B-00C04F79EFBC}") = "ExMetodosAbstratos", "ExMetodosAbstratos\ExMetodosAbstratos.csproj", "{3CD3D210-59EA-452F-B852-D46EEA188522}"
EndProject
Global
	GlobalSection(SolutionConfigurationPlatforms) = preSolution
		Debug|Any CPU = Debug|Any CPU
		Release|Any CPU = Release|Any CPU
	EndGlobalSection
	GlobalSection(ProjectConfigurationPlatforms) = postSolution
		{3CD3D210-59EA-452F-B852-D46EEA188522}.Debug|Any CPU.ActiveCfg = Debug|Any CPU
		{3CD3D210-59EA-452F-B852-D46EEA188522}.Debug|Any CPU.Build.0 = Debug|Any CPU
		{3CD3D210-59EA-452F-B852-D46EEA188522}.Release|Any CPU.ActiveCfg = Release|Any CPU
		{3CD3D210-59EA-452F-B852-D46EEA188522}.Release|Any CPU.Build.0 = Release|Any CPU
	EndGlobalSection
	GlobalSection(SolutionProperties) = preSolution
		HideSolutionNode = FALSE
	EndGlobalSection
	GlobalSection(ExtensibilityGlobals) = postSolution
		SolutionGuid = {CD667FCE-FA0E-4103-813F-76A58F6D536B}
	EndGlobalSection
EndGlobal
