
Microsoft Visual Studio Solution File, Format Version 12.00
# Visual Studio Version 17
VisualStudioVersion = 17.11.35303.130
MinimumVisualStudioVersion = 10.0.40219.1
Project("{FAE04EC0-301F-11D3-BF4B-00C04F79EFBC}") = "ExClasseSelada", "ExClasseSelada\ExClasseSelada.csproj", "{32B4C501-AF2E-4412-8899-FA82C6B26662}"
EndProject
Global
	GlobalSection(SolutionConfigurationPlatforms) = preSolution
		Debug|Any CPU = Debug|Any CPU
		Release|Any CPU = Release|Any CPU
	EndGlobalSection
	GlobalSection(ProjectConfigurationPlatforms) = postSolution
		{32B4C501-AF2E-4412-8899-FA82C6B26662}.Debug|Any CPU.ActiveCfg = Debug|Any CPU
		{32B4C501-AF2E-4412-8899-FA82C6B26662}.Debug|Any CPU.Build.0 = Debug|Any CPU
		{32B4C501-AF2E-4412-8899-FA82C6B26662}.Release|Any CPU.ActiveCfg = Release|Any CPU
		{32B4C501-AF2E-4412-8899-FA82C6B26662}.Release|Any CPU.Build.0 = Release|Any CPU
	EndGlobalSection
	GlobalSection(SolutionProperties) = preSolution
		HideSolutionNode = FALSE
	EndGlobalSection
	GlobalSection(ExtensibilityGlobals) = postSolution
		SolutionGuid = {EFD4814D-4F0E-418D-94C9-75ED93C22E89}
	EndGlobalSection
EndGlobal
