
Microsoft Visual Studio Solution File, Format Version 12.00
# Visual Studio Version 17
VisualStudioVersion = 17.10.35201.131
MinimumVisualStudioVersion = 10.0.40219.1
Project("{FAE04EC0-301F-11D3-BF4B-00C04F79EFBC}") = "ExComposicao", "ExComposicao\ExComposicao.csproj", "{A964D9A3-8C12-4EAC-B7D8-7BF4C7BCE5D6}"
EndProject
Global
	GlobalSection(SolutionConfigurationPlatforms) = preSolution
		Debug|Any CPU = Debug|Any CPU
		Release|Any CPU = Release|Any CPU
	EndGlobalSection
	GlobalSection(ProjectConfigurationPlatforms) = postSolution
		{A964D9A3-8C12-4EAC-B7D8-7BF4C7BCE5D6}.Debug|Any CPU.ActiveCfg = Debug|Any CPU
		{A964D9A3-8C12-4EAC-B7D8-7BF4C7BCE5D6}.Debug|Any CPU.Build.0 = Debug|Any CPU
		{A964D9A3-8C12-4EAC-B7D8-7BF4C7BCE5D6}.Release|Any CPU.ActiveCfg = Release|Any CPU
		{A964D9A3-8C12-4EAC-B7D8-7BF4C7BCE5D6}.Release|Any CPU.Build.0 = Release|Any CPU
	EndGlobalSection
	GlobalSection(SolutionProperties) = preSolution
		HideSolutionNode = FALSE
	EndGlobalSection
	GlobalSection(ExtensibilityGlobals) = postSolution
		SolutionGuid = {47417F2B-9D3E-4A96-BA7D-17711F73F85A}
	EndGlobalSection
EndGlobal
